
Microsoft Visual Studio Solution File, Format Version 12.00
# Visual Studio Version 17
VisualStudioVersion = 17.3.32929.385
MinimumVisualStudioVersion = 10.0.40219.1
Project("{FAE04EC0-301F-11D3-BF4B-00C04F79EFBC}") = "TodoFuncs", "TodoFuncs\TodoFuncs.csproj", "{1039F170-885E-4A88-BC15-4DBB11A78CF3}"
EndProject
Global
	GlobalSection(SolutionConfigurationPlatforms) = preSolution
		Debug|Any CPU = Debug|Any CPU
		Release|Any CPU = Release|Any CPU
	EndGlobalSection
	GlobalSection(ProjectConfigurationPlatforms) = postSolution
		{1039F170-885E-4A88-BC15-4DBB11A78CF3}.Debug|Any CPU.ActiveCfg = Debug|Any CPU
		{1039F170-885E-4A88-BC15-4DBB11A78CF3}.Debug|Any CPU.Build.0 = Debug|Any CPU
		{1039F170-885E-4A88-BC15-4DBB11A78CF3}.Release|Any CPU.ActiveCfg = Release|Any CPU
		{1039F170-885E-4A88-BC15-4DBB11A78CF3}.Release|Any CPU.Build.0 = Release|Any CPU
	EndGlobalSection
	GlobalSection(SolutionProperties) = preSolution
		HideSolutionNode = FALSE
	EndGlobalSection
	GlobalSection(ExtensibilityGlobals) = postSolution
		SolutionGuid = {0C1D7F2F-9495-4B37-80CB-40BD655EEE64}
	EndGlobalSection
EndGlobal
